
Microsoft Visual Studio Solution File, Format Version 12.00
# Visual Studio Version 17
VisualStudioVersion = 17.2.32616.157
MinimumVisualStudioVersion = 10.0.40219.1
Project("{FAE04EC0-301F-11D3-BF4B-00C04F79EFBC}") = "WPFPresenter", "WPFPresenter.csproj", "{3CBDCA46-34BC-4B51-B206-B088D60312A6}"
EndProject
Global
	GlobalSection(SolutionConfigurationPlatforms) = preSolution
		Debug|Any CPU = Debug|Any CPU
		Release|Any CPU = Release|Any CPU
	EndGlobalSection
	GlobalSection(ProjectConfigurationPlatforms) = postSolution
		{3CBDCA46-34BC-4B51-B206-B088D60312A6}.Debug|Any CPU.ActiveCfg = Debug|Any CPU
		{3CBDCA46-34BC-4B51-B206-B088D60312A6}.Debug|Any CPU.Build.0 = Debug|Any CPU
		{3CBDCA46-34BC-4B51-B206-B088D60312A6}.Release|Any CPU.ActiveCfg = Release|Any CPU
		{3CBDCA46-34BC-4B51-B206-B088D60312A6}.Release|Any CPU.Build.0 = Release|Any CPU
	EndGlobalSection
	GlobalSection(SolutionProperties) = preSolution
		HideSolutionNode = FALSE
	EndGlobalSection
	GlobalSection(ExtensibilityGlobals) = postSolution
		SolutionGuid = {85EAD71B-74EF-4788-BCBF-9A71A0D2EC5D}
	EndGlobalSection
EndGlobal
